PODS:
  - NDManualObjects (0.0.5)

DEPENDENCIES:
  - NDManualObjects (from `../NDManualObjects`)

EXTERNAL SOURCES:
  NDManualObjects:
    :path: "../NDManualObjects"

SPEC CHECKSUMS:
  NDManualObjects: df0aa8a0f2f88e2a62d716431f61e0e931ec0332

PODFILE CHECKSUM: bfc03ca1d158908293044d9a74b108985878420d

COCOAPODS: 1.9.1
