PODS:
  - NDLog (0.0.5)
  - NDManualObjects (0.0.7):
    - NDLog (~> 0.0.5)
    - NDUtils/objc (~> 0.0.4)
  - NDUtils/Core (0.0.4.1)
  - NDUtils/objc (0.0.4.1):
    - NDLog (~> 0.0.5)
    - NDUtils/Core

DEPENDENCIES:
  - NDLog (from `../NDLog`)
  - NDManualObjects (from `../NDManualObjects`)
  - NDUtils/objc (from `../NDUtils`)

EXTERNAL SOURCES:
  NDLog:
    :path: "../NDLog"
  NDManualObjects:
    :path: "../NDManualObjects"
  NDUtils:
    :path: "../NDUtils"

SPEC CHECKSUMS:
  NDLog: 2d478a5bc74f17ee56fea08adb6dacdaa36a07e6
  NDManualObjects: 521b421751b3be3b8553283c56574481e7692da6
  NDUtils: 071967534549cb07e0122a53af462e4a5d6da124

PODFILE CHECKSUM: 3b6d6dbac474b55030e747dbdeb1a415992a55d3

COCOAPODS: 1.9.3
